<?xml version="1.0" encoding="utf-8"?>
<Project ToolsVersion="4.0" xmlns="http://schemas.microsoft.com/developer/msbuild/2003">
  <ItemGroup>
    <ClCompile Include="BWServer.cpp" />
    <ClCompile Include="pch.cpp">
      <Filter>Utils</Filter>
    </ClCompile>
    <ClCompile Include="CorePch.cpp">
      <Filter>Utils</Filter>
    </ClCompile>
    <ClCompile Include="CoreGlobal.cpp">
      <Filter>Utils</Filter>
    </ClCompile>
    <ClCompile Include="build\Enum.pb.cc" />
    <ClCompile Include="build\Item.pb.cc" />
    <ClCompile Include="build\Login.pb.cc" />
    <ClCompile Include="build\Message.pb.cc" />
    <ClCompile Include="build\MonsterPattern.pb.cc" />
    <ClCompile Include="build\Ping.pb.cc" />
    <ClCompile Include="build\Skill.pb.cc" />
    <ClCompile Include="build\Struct.pb.cc" />
    <ClCompile Include="Game\Objects\Creatures\Creature.cpp" />
    <ClCompile Include="Game\Objects\Creatures\Monster\Monster.cpp" />
    <ClCompile Include="Game\Objects\Creatures\Monster\Rampage.cpp" />
    <ClCompile Include="Game\Objects\Creatures\Monster\RampageTree.cpp" />
    <ClCompile Include="Game\Objects\Creatures\Players\Archor.cpp" />
    <ClCompile Include="Game\Objects\Creatures\Players\Assassin.cpp" />
    <ClCompile Include="Game\Objects\Creatures\Players\Inventory.cpp" />
    <ClCompile Include="Game\Objects\Creatures\Players\Player.cpp" />
    <ClCompile Include="Game\Objects\Creatures\Players\Warrior.cpp" />
    <ClCompile Include="Game\Objects\Item.cpp" />
    <ClCompile Include="Game\Objects\ItemObject.cpp" />
    <ClCompile Include="Game\Objects\Object.cpp" />
    <ClCompile Include="Game\Server\DelayGameServer.cpp" />
    <ClCompile Include="Game\Server\GameRoom.cpp" />
    <ClCompile Include="Game\Server\GameRound.pb.cc" />
    <ClCompile Include="Game\Server\GameServer.cpp" />
    <ClCompile Include="Game\Server\Room.cpp" />
    <ClCompile Include="Network\Packet\Handlers\BattlePacketHandler.cpp" />
    <ClCompile Include="Network\Packet\Handlers\InteractivePacketHandler.cpp" />
    <ClCompile Include="Network\Packet\Handlers\LobbyPacketHandler.cpp" />
    <ClCompile Include="Network\Packet\Handlers\PingPongPacketHandler.cpp" />
    <ClCompile Include="Network\Packet\Handlers\RoomPacketHandler.cpp" />
    <ClCompile Include="Network\Packet\Handlers\ServerPacketHandler.cpp" />
    <ClCompile Include="ServerCore\DB\DBConnection.cpp" />
    <ClCompile Include="ServerCore\DB\DBConnectionPool.cpp" />
    <ClCompile Include="ServerCore\JobQueue\JobQueue.cpp" />
    <ClCompile Include="ServerCore\Session\DelayGameSession.cpp" />
    <ClCompile Include="ServerCore\Session\GameSession.cpp" />
    <ClCompile Include="ServerCore\Session\GameSessionManager.cpp" />
    <ClCompile Include="ServerCore\Session\Session.cpp" />
    <ClCompile Include="Util\ItemUtils.cpp" />
    <ClCompile Include="Util\MathUtils.cpp" />
    <ClCompile Include="Util\ObjectUtils.cpp" />
    <ClCompile Include="Util\RandomUtil.cpp" />
    <ClCompile Include="Util\TimeUtils.cpp" />
  </ItemGroup>
  <ItemGroup>
    <ClInclude Include="Member.h">
      <Filter>Main\Session</Filter>
    </ClInclude>
    <ClInclude Include="CoreMacro.h">
      <Filter>Utils</Filter>
    </ClInclude>
    <ClInclude Include="Types.h">
      <Filter>Utils</Filter>
    </ClInclude>
    <ClInclude Include="CorePch.h">
      <Filter>Utils</Filter>
    </ClInclude>
    <ClInclude Include="pch.h">
      <Filter>Utils</Filter>
    </ClInclude>
    <ClInclude Include="CoreGlobal.h">
      <Filter>Utils</Filter>
    </ClInclude>
    <ClInclude Include="build\Enum.pb.h" />
    <ClInclude Include="build\Item.pb.h" />
    <ClInclude Include="build\Login.pb.h" />
    <ClInclude Include="build\Message.pb.h" />
    <ClInclude Include="build\MonsterPattern.pb.h" />
    <ClInclude Include="build\Ping.pb.h" />
    <ClInclude Include="build\Skill.pb.h" />
    <ClInclude Include="build\Struct.pb.h" />
    <ClInclude Include="Game\Objects\Creatures\Creature.h" />
    <ClInclude Include="Game\Objects\Creatures\Monster\Monster.h" />
    <ClInclude Include="Game\Objects\Creatures\Monster\Rampage.h" />
    <ClInclude Include="Game\Objects\Creatures\Monster\RampageTree.h" />
    <ClInclude Include="Game\Objects\Creatures\Players\Archor.h" />
    <ClInclude Include="Game\Objects\Creatures\Players\Assassin.h" />
    <ClInclude Include="Game\Objects\Creatures\Players\Inventory.h" />
    <ClInclude Include="Game\Objects\Creatures\Players\Player.h" />
    <ClInclude Include="Game\Objects\Creatures\Players\Warrior.h" />
    <ClInclude Include="Game\Objects\Item.h" />
    <ClInclude Include="Game\Objects\ItemObject.h" />
    <ClInclude Include="Game\Objects\Object.h" />
    <ClInclude Include="Game\Server\DelayGameServer.h" />
    <ClInclude Include="Game\Server\GameRoom.h" />
    <ClInclude Include="Game\Server\GameRound.pb.h" />
    <ClInclude Include="Game\Server\GameServer.h" />
    <ClInclude Include="Game\Server\Room.h" />
    <ClInclude Include="Network\Packet\Handlers\BattlePacketHandler.h" />
    <ClInclude Include="Network\Packet\Handlers\InteractivePacketHandler.h" />
    <ClInclude Include="Network\Packet\Handlers\LobbyPacketHandler.h" />
    <ClInclude Include="Network\Packet\Handlers\PingPongPacketHandler.h" />
    <ClInclude Include="Network\Packet\Handlers\RoomPacketHandler.h" />
    <ClInclude Include="Network\Packet\Handlers\ServerPacketHandler.h" />
    <ClInclude Include="Network\Packet\Packet.h" />
    <ClInclude Include="ServerCore\DB\DBBind.h" />
    <ClInclude Include="ServerCore\DB\DBConnection.h" />
    <ClInclude Include="ServerCore\DB\DBConnectionPool.h" />
    <ClInclude Include="ServerCore\JobQueue\JobQueue.h" />
    <ClInclude Include="ServerCore\Session\DelayGameSession.h" />
    <ClInclude Include="ServerCore\Session\GameSession.h" />
    <ClInclude Include="ServerCore\Session\GameSessionManager.h" />
    <ClInclude Include="ServerCore\Session\Session.h" />
    <ClInclude Include="Util\ItemUtils.h" />
    <ClInclude Include="Util\MathUtils.h" />
    <ClInclude Include="Util\ObjectUtils.h" />
    <ClInclude Include="Util\RandomUtil.h" />
    <ClInclude Include="Util\Selector.h" />
    <ClInclude Include="Util\TimeUtils.h" />
    <ClInclude Include="ServerCore\DB\ConnectionPool.h" />
    <ClInclude Include="ServerCore\DB\MySQLConnection.h" />
  </ItemGroup>
  <ItemGroup>
    <Filter Include="Packets">
      <UniqueIdentifier>{fb44685e-89f1-43d5-ad0b-ecc79e355765}</UniqueIdentifier>
    </Filter>
    <Filter Include="Packets\Proto">
      <UniqueIdentifier>{e3f56d52-33c3-4aee-b422-08fcc14dd05d}</UniqueIdentifier>
    </Filter>
    <Filter Include="Packets\build">
      <UniqueIdentifier>{072db743-92f3-4fa9-9953-4fdd176d90b2}</UniqueIdentifier>
    </Filter>
    <Filter Include="Packets\handler">
      <UniqueIdentifier>{d62f076e-988e-4107-bd28-9202bb0ecb48}</UniqueIdentifier>
    </Filter>
    <Filter Include="Packets\handler\lobby">
      <UniqueIdentifier>{ae0e1892-f6fe-41c9-8858-307175d552a8}</UniqueIdentifier>
    </Filter>
    <Filter Include="Packets\handler\room">
      <UniqueIdentifier>{f3793bd2-6238-487a-87f6-1268e93775e2}</UniqueIdentifier>
    </Filter>
    <Filter Include="Main">
      <UniqueIdentifier>{363349c9-5e8f-4435-8436-91c062f6072d}</UniqueIdentifier>
    </Filter>
    <Filter Include="Main\Session">
      <UniqueIdentifier>{edfce316-12ea-41f4-9c6c-1cb04a8af42b}</UniqueIdentifier>
    </Filter>
    <Filter Include="Main\Server">
      <UniqueIdentifier>{447d2a70-ca00-4c1a-afad-1523ccfc80d0}</UniqueIdentifier>
    </Filter>
    <Filter Include="Utils">
      <UniqueIdentifier>{804603e5-5271-4a2f-b0dc-289b0a647782}</UniqueIdentifier>
    </Filter>
    <Filter Include="Main\Game">
      <UniqueIdentifier>{f38536f5-7b83-4c3c-998e-dee35bd29c90}</UniqueIdentifier>
    </Filter>
    <Filter Include="Main\Game\Object">
      <UniqueIdentifier>{7c618e03-bee1-4e94-8503-f951baade96f}</UniqueIdentifier>
    </Filter>
    <Filter Include="Packets\handler\battle">
      <UniqueIdentifier>{493a6ff4-a495-4e1a-9fee-b9a4c00d7f45}</UniqueIdentifier>
    </Filter>
    <Filter Include="Main\Game\Object\Creature">
      <UniqueIdentifier>{be8659ab-3aa4-4037-a39b-9c121e3e0489}</UniqueIdentifier>
    </Filter>
    <Filter Include="Main\Game\Object\Creature\Monster">
      <UniqueIdentifier>{4793de22-b0c6-4ade-8391-0f6218bd59d6}</UniqueIdentifier>
    </Filter>
    <Filter Include="Main\Game\Object\Creature\Player">
      <UniqueIdentifier>{dc033220-9c32-4e8a-9b44-d1ae56233ebe}</UniqueIdentifier>
    </Filter>
    <Filter Include="Main\Game\Object\Creature\Player\Warrior">
      <UniqueIdentifier>{d51b305b-b903-40d8-8424-6749d836792c}</UniqueIdentifier>
    </Filter>
    <Filter Include="Main\Game\Object\Creature\Player\Assassin">
      <UniqueIdentifier>{d2de3c89-8d47-4a1d-b1e0-d0fbc0620636}</UniqueIdentifier>
    </Filter>
    <Filter Include="Main\Game\Object\Creature\Player\Archor">
      <UniqueIdentifier>{0722d116-0f3f-4454-8891-eb75eb42dd2b}</UniqueIdentifier>
    </Filter>
    <Filter Include="Main\Game\Object\Creature\Monster\Rampage">
      <UniqueIdentifier>{42a576a1-65f1-47a2-8f13-712566012587}</UniqueIdentifier>
    </Filter>
    <Filter Include="Main\Game\Item">
      <UniqueIdentifier>{fed77291-c87b-4b95-bbaf-7f23ac5af241}</UniqueIdentifier>
    </Filter>
    <Filter Include="Main\Game\Object\Item">
      <UniqueIdentifier>{3a463a7c-3e75-4800-9cbb-708bf559107c}</UniqueIdentifier>
    </Filter>
    <Filter Include="Main\Game\Object\Creature\Player\Inventory">
      <UniqueIdentifier>{57e3763b-fa35-41c8-a8c7-a211c743265f}</UniqueIdentifier>
    </Filter>
    <Filter Include="Packets\handler\Interactive">
      <UniqueIdentifier>{d192c879-5162-40b8-9882-c617e75c4ba7}</UniqueIdentifier>
    </Filter>
    <Filter Include="Packets\handler\pingpong">
      <UniqueIdentifier>{fba96f90-fcc9-4834-846b-d6b0a60761b8}</UniqueIdentifier>
    </Filter>
  </ItemGroup>
  <ItemGroup>
    <None Include="..\Common\protobuf3.20.3-win64\bin\Message.proto">
      <Filter>Packets\Proto</Filter>
    </None>
    <None Include="..\Common\protobuf3.20.3-win64\bin\Struct.proto">
      <Filter>Packets\Proto</Filter>
    </None>
    <None Include="..\Common\protobuf3.20.3-win64\bin\Enum.proto">
      <Filter>Packets\Proto</Filter>
    </None>
    <None Include="..\Common\protobuf3.20.3-win64\bin\GenPacket.bat">
      <Filter>Packets</Filter>
    </None>
    <None Include="..\.editorconfig" />
    <None Include="..\Common\protobuf3.20.3-win64\bin\Skill.proto">
      <Filter>Packets\Proto</Filter>
    </None>
    <None Include="..\Common\protobuf3.20.3-win64\bin\MonsterPattern.proto">
      <Filter>Packets\Proto</Filter>
    </None>
    <None Include="..\Common\protobuf3.20.3-win64\bin\GameRound.proto">
      <Filter>Packets\Proto</Filter>
    </None>
    <None Include="..\Common\protobuf3.20.3-win64\bin\Item.proto">
      <Filter>Packets\Proto</Filter>
    </None>
    <None Include="..\Common\protobuf3.20.3-win64\bin\Ping.proto">
      <Filter>Packets\Proto</Filter>
    </None>
  </ItemGroup>
</Project>