<?xml version="1.0" encoding="utf-8"?>
<Project ToolsVersion="4.0" xmlns="http://schemas.microsoft.com/developer/msbuild/2003">
  <ItemGroup>
    <ClCompile Include="BWServer.cpp" />
    <ClCompile Include="Message.pb.cc">
      <Filter>Packets</Filter>
    </ClCompile>
  </ItemGroup>
  <ItemGroup>
    <ClInclude Include="Member.h" />
    <ClInclude Include="Session.h" />
    <ClInclude Include="Room.h" />
    <ClInclude Include="Packet.h" />
    <ClInclude Include="Message.pb.h">
      <Filter>Packets</Filter>
    </ClInclude>
    <ClInclude Include="GameServer.h" />
  </ItemGroup>
  <ItemGroup>
    <Filter Include="Packets">
      <UniqueIdentifier>{fb44685e-89f1-43d5-ad0b-ecc79e355765}</UniqueIdentifier>
    </Filter>
  </ItemGroup>
  <ItemGroup>
    <None Include="..\Common\protobuf3.20.3-win64\Enum.proto">
      <Filter>Packets</Filter>
    </None>
    <None Include="..\Common\protobuf3.20.3-win64\GenPacket.bat">
      <Filter>Packets</Filter>
    </None>
    <None Include="..\Common\protobuf3.20.3-win64\Message.proto">
      <Filter>Packets</Filter>
    </None>
    <None Include="..\Common\protobuf3.20.3-win64\Struct.proto">
      <Filter>Packets</Filter>
    </None>
  </ItemGroup>
</Project>